
Microsoft Visual Studio Solution File, Format Version 12.00
# Visual Studio Version 17
VisualStudioVersion = 17.7.34031.279
MinimumVisualStudioVersion = 10.0.40219.1
Project("{F184B08F-C81C-45F6-A57F-5ABD9991F28F}") = "RMA_Common", "RMA_Common.vbproj", "{22CCFAEB-D8FB-4D25-9231-CA0B92BDD9D4}"
EndProject
Global
	GlobalSection(SolutionConfigurationPlatforms) = preSolution
		Debug|Any CPU = Debug|Any CPU
		Release|Any CPU = Release|Any CPU
	EndGlobalSection
	GlobalSection(ProjectConfigurationPlatforms) = postSolution
		{22CCFAEB-D8FB-4D25-9231-CA0B92BDD9D4}.Debug|Any CPU.ActiveCfg = Debug|Any CPU
		{22CCFAEB-D8FB-4D25-9231-CA0B92BDD9D4}.Debug|Any CPU.Build.0 = Debug|Any CPU
		{22CCFAEB-D8FB-4D25-9231-CA0B92BDD9D4}.Release|Any CPU.ActiveCfg = Release|Any CPU
		{22CCFAEB-D8FB-4D25-9231-CA0B92BDD9D4}.Release|Any CPU.Build.0 = Release|Any CPU
	EndGlobalSection
	GlobalSection(SolutionProperties) = preSolution
		HideSolutionNode = FALSE
	EndGlobalSection
	GlobalSection(ExtensibilityGlobals) = postSolution
		SolutionGuid = {E56DEC2C-5849-4F46-9CB6-86D1B16C582E}
	EndGlobalSection
EndGlobal
